<Solution>
  <Folder Name="/1. API/">
    <Project Path="Confessly.API/Confessly.API.csproj" Id="47ab1a03-2ede-4753-ad44-4a8423cfa119" />
  </Folder>
  <Folder Name="/2. Business/">
    <Project Path="Confessly.Logging/Confessly.Logging.csproj" />
    <Project Path="Confessly.Services/Confessly.Services.csproj" Id="a3dc0637-2d8e-414e-a881-b151d1333b8a" />
  </Folder>
  <Folder Name="/3. Data/">
    <Project Path="Confessly.Contracts/Confessly.Contracts.csproj" />
  </Folder>
  <Folder Name="/4. Infrastructure/">
    <Project Path="Confessly.Infrastructure/Confessly.Infrastructure.csproj" Id="3769843d-1ce4-4a92-92c6-d6f339f14b5b" />
    <Project Path="Confessly.Repository/Confessly.Repository.csproj" />
  </Folder>
  <Folder Name="/5. Domain/">
    <Project Path="Confessly.Domain/Confessly.Domain.csproj" />
  </Folder>
  <Folder Name="/6. Shared/">
    <Project Path="Confessly.Validators/Confessly.Validators.csproj" Id="fa308332-aea4-4ee1-9de7-39f784d94b79" />
    <Project Path="Confessly.Configuration/Confessly.Configuration.csproj" Id="6ce7c186-a4e8-428a-adb4-9a04d20178d7" />
    <Project Path="Confessly.Messages/Confessly.Messages.csproj" Id="320a3ef3-0e28-4736-8c94-145b6677f7b1" />
  </Folder>
</Solution>
